
Microsoft Visual Studio Solution File, Format Version 12.00
# Visual Studio 15
VisualStudioVersion = 15.0.27130.2036
MinimumVisualStudioVersion = 10.0.40219.1
Project("{FAE04EC0-301F-11D3-BF4B-00C04F79EFBC}") = "ddjd_c", "ddjd_c\ddjd_c.csproj", "{6E584732-BF41-4C67-ACD7-B1511F7466C1}"
EndProject
Project("{54435603-DBB4-11D2-8724-00A0C9A8B90C}") = "ddjd", "ddjd\ddjd.vdproj", "{0F0E548E-7D56-4173-98ED-2D25CEFA4C46}"
EndProject
Project("{FAE04EC0-301F-11D3-BF4B-00C04F79EFBC}") = "update", "update\update.csproj", "{E036F1D1-44C9-48DB-90DE-60B79F9C36AD}"
EndProject
Global
	GlobalSection(SolutionConfigurationPlatforms) = preSolution
		Debug|Any CPU = Debug|Any CPU
		Release|Any CPU = Release|Any CPU
	EndGlobalSection
	GlobalSection(ProjectConfigurationPlatforms) = postSolution
		{6E584732-BF41-4C67-ACD7-B1511F7466C1}.Debug|Any CPU.ActiveCfg = Debug|Any CPU
		{6E584732-BF41-4C67-ACD7-B1511F7466C1}.Debug|Any CPU.Build.0 = Debug|Any CPU
		{6E584732-BF41-4C67-ACD7-B1511F7466C1}.Release|Any CPU.ActiveCfg = Release|Any CPU
		{6E584732-BF41-4C67-ACD7-B1511F7466C1}.Release|Any CPU.Build.0 = Release|Any CPU
		{0F0E548E-7D56-4173-98ED-2D25CEFA4C46}.Debug|Any CPU.ActiveCfg = Debug
		{0F0E548E-7D56-4173-98ED-2D25CEFA4C46}.Release|Any CPU.ActiveCfg = Release
		{0F0E548E-7D56-4173-98ED-2D25CEFA4C46}.Release|Any CPU.Build.0 = Release
		{E036F1D1-44C9-48DB-90DE-60B79F9C36AD}.Debug|Any CPU.ActiveCfg = Debug|Any CPU
		{E036F1D1-44C9-48DB-90DE-60B79F9C36AD}.Debug|Any CPU.Build.0 = Debug|Any CPU
		{E036F1D1-44C9-48DB-90DE-60B79F9C36AD}.Release|Any CPU.ActiveCfg = Release|Any CPU
		{E036F1D1-44C9-48DB-90DE-60B79F9C36AD}.Release|Any CPU.Build.0 = Release|Any CPU
	EndGlobalSection
	GlobalSection(SolutionProperties) = preSolution
		HideSolutionNode = FALSE
	EndGlobalSection
	GlobalSection(ExtensibilityGlobals) = postSolution
		SolutionGuid = {5E1364B4-01BE-425B-ACC3-C2E146399FF2}
	EndGlobalSection
EndGlobal
